
Microsoft Visual Studio Solution File, Format Version 12.00
# Visual Studio Version 16
VisualStudioVersion = 16.0.29519.181
MinimumVisualStudioVersion = 10.0.40219.1
Project("{FAE04EC0-301F-11D3-BF4B-00C04F79EFBC}") = "SD_22_JOIN", "SD_22_JOIN.csproj", "{35E4E79E-B578-4607-AC8F-88368789581B}"
EndProject
Global
	GlobalSection(SolutionConfigurationPlatforms) = preSolution
		Debug|Any CPU = Debug|Any CPU
		Release|Any CPU = Release|Any CPU
	EndGlobalSection
	GlobalSection(ProjectConfigurationPlatforms) = postSolution
		{35E4E79E-B578-4607-AC8F-88368789581B}.Debug|Any CPU.ActiveCfg = Debug|Any CPU
		{35E4E79E-B578-4607-AC8F-88368789581B}.Debug|Any CPU.Build.0 = Debug|Any CPU
		{35E4E79E-B578-4607-AC8F-88368789581B}.Release|Any CPU.ActiveCfg = Release|Any CPU
		{35E4E79E-B578-4607-AC8F-88368789581B}.Release|Any CPU.Build.0 = Release|Any CPU
	EndGlobalSection
	GlobalSection(SolutionProperties) = preSolution
		HideSolutionNode = FALSE
	EndGlobalSection
	GlobalSection(ExtensibilityGlobals) = postSolution
		SolutionGuid = {7BD0869E-7E9E-4F90-A72C-A468D16135AE}
	EndGlobalSection
EndGlobal
